// !$*UTF8*$!
{
	archiveVersion = 1;
	classes = {
	};
	objectVersion = 77;
	objects = {

/* Begin PBXBuildFile section */
		FF313E792CAFE3B3003E7EDE /* SwiftDiff in Frameworks */ = {isa = PBXBuildFile; productRef = FF313E782CAFE3B3003E7EDE /* SwiftDiff */; };
		FFF4CC822CAEE9B800BBC9A1 /* NIO in Frameworks */ = {isa = PBXBuildFile; productRef = FFF4CC812CAEE9B800BBC9A1 /* NIO */; };
		FFF4CC842CAEE9B800BBC9A1 /* NIOCore in Frameworks */ = {isa = PBXBuildFile; productRef = FFF4CC832CAEE9B800BBC9A1 /* NIOCore */; };
		FFF4CC862CAEE9B800BBC9A1 /* NIOHTTP1 in Frameworks */ = {isa = PBXBuildFile; productRef = FFF4CC852CAEE9B800BBC9A1 /* NIOHTTP1 */; };
		FFF4CC882CAEE9B800BBC9A1 /* NIOWebSocket in Frameworks */ = {isa = PBXBuildFile; productRef = FFF4CC872CAEE9B800BBC9A1 /* NIOWebSocket */; };
/* End PBXBuildFile section */

/* Begin PBXContainerItemProxy section */
		FFF4CC632CAEE88C00BBC9A1 /* PBXContainerItemProxy */ = {
			isa = PBXContainerItemProxy;
			containerPortal = FFF4CC472CAEE88B00BBC9A1 /* Project object */;
			proxyType = 1;
			remoteGlobalIDString = FFF4CC4E2CAEE88B00BBC9A1;
			remoteInfo = eWriter2;
		};
		FFF4CC6D2CAEE88C00BBC9A1 /* PBXContainerItemProxy */ = {
			isa = PBXContainerItemProxy;
			containerPortal = FFF4CC472CAEE88B00BBC9A1 /* Project object */;
			proxyType = 1;
			remoteGlobalIDString = FFF4CC4E2CAEE88B00BBC9A1;
			remoteInfo = eWriter2;
		};
/* End PBXContainerItemProxy section */

/* Begin PBXFileReference section */
		FFF4CC4F2CAEE88B00BBC9A1 /* eWriter2.app */ = {isa = PBXFileReference; explicitFileType = wrapper.application; includeInIndex = 0; path = eWriter2.app; sourceTree = BUILT_PRODUCTS_DIR; };
		FFF4CC622CAEE88C00BBC9A1 /* eWriter2Tests.xctest */ = {isa = PBXFileReference; explicitFileType = wrapper.cfbundle; includeInIndex = 0; path = eWriter2Tests.xctest; sourceTree = BUILT_PRODUCTS_DIR; };
		FFF4CC6C2CAEE88C00BBC9A1 /* eWriter2UITests.xctest */ = {isa = PBXFileReference; explicitFileType = wrapper.cfbundle; includeInIndex = 0; path = eWriter2UITests.xctest; sourceTree = BUILT_PRODUCTS_DIR; };
/* End PBXFileReference section */

/* Begin PBXFileSystemSynchronizedBuildFileExceptionSet section */
		FFF4CC742CAEE88C00BBC9A1 /* Exceptions for "eWriter2" folder in "eWriter2" target */ = {
			isa = PBXFileSystemSynchronizedBuildFileExceptionSet;
			membershipExceptions = (
				Info.plist,
			);
			target = FFF4CC4E2CAEE88B00BBC9A1 /* eWriter2 */;
		};
/* End PBXFileSystemSynchronizedBuildFileExceptionSet section */

/* Begin PBXFileSystemSynchronizedRootGroup section */
		FFF4CC512CAEE88B00BBC9A1 /* eWriter2 */ = {
			isa = PBXFileSystemSynchronizedRootGroup;
			exceptions = (
				FFF4CC742CAEE88C00BBC9A1 /* Exceptions for "eWriter2" folder in "eWriter2" target */,
			);
			path = eWriter2;
			sourceTree = "<group>";
		};
		FFF4CC652CAEE88C00BBC9A1 /* eWriter2Tests */ = {
			isa = PBXFileSystemSynchronizedRootGroup;
			path = eWriter2Tests;
			sourceTree = "<group>";
		};
		FFF4CC6F2CAEE88C00BBC9A1 /* eWriter2UITests */ = {
			isa = PBXFileSystemSynchronizedRootGroup;
			path = eWriter2UITests;
			sourceTree = "<group>";
		};
/* End PBXFileSystemSynchronizedRootGroup section */

/* Begin PBXFrameworksBuildPhase section */
		FFF4CC4C2CAEE88B00BBC9A1 /* Frameworks */ = {
			isa = PBXFrameworksBuildPhase;
			buildActionMask = 2147483647;
			files = (
				FFF4CC862CAEE9B800BBC9A1 /* NIOHTTP1 in Frameworks */,
				FFF4CC882CAEE9B800BBC9A1 /* NIOWebSocket in Frameworks */,
				FF313E792CAFE3B3003E7EDE /* SwiftDiff in Frameworks */,
				FFF4CC842CAEE9B800BBC9A1 /* NIOCore in Frameworks */,
				FFF4CC822CAEE9B800BBC9A1 /* NIO in Frameworks */,
			);
			runOnlyForDeploymentPostprocessing = 0;
		};
		FFF4CC5F2CAEE88C00BBC9A1 /* Frameworks */ = {
			isa = PBXFrameworksBuildPhase;
			buildActionMask = 2147483647;
			files = (
			);
			runOnlyForDeploymentPostprocessing = 0;
		};
		FFF4CC692CAEE88C00BBC9A1 /* Frameworks */ = {
			isa = PBXFrameworksBuildPhase;
			buildActionMask = 2147483647;
			files = (
			);
			runOnlyForDeploymentPostprocessing = 0;
		};
/* End PBXFrameworksBuildPhase section */

/* Begin PBXGroup section */
		FFF4CC462CAEE88B00BBC9A1 = {
			isa = PBXGroup;
			children = (
				FFF4CC512CAEE88B00BBC9A1 /* eWriter2 */,
				FFF4CC652CAEE88C00BBC9A1 /* eWriter2Tests */,
				FFF4CC6F2CAEE88C00BBC9A1 /* eWriter2UITests */,
				FFF4CC502CAEE88B00BBC9A1 /* Products */,
			);
			sourceTree = "<group>";
		};
		FFF4CC502CAEE88B00BBC9A1 /* Products */ = {
			isa = PBXGroup;
			children = (
				FFF4CC4F2CAEE88B00BBC9A1 /* eWriter2.app */,
				FFF4CC622CAEE88C00BBC9A1 /* eWriter2Tests.xctest */,
				FFF4CC6C2CAEE88C00BBC9A1 /* eWriter2UITests.xctest */,
			);
			name = Products;
			sourceTree = "<group>";
		};
/* End PBXGroup section */

/* Begin PBXNativeTarget section */
		FFF4CC4E2CAEE88B00BBC9A1 /* eWriter2 */ = {
			isa = PBXNativeTarget;
			buildConfigurationList = FFF4CC752CAEE88C00BBC9A1 /* Build configuration list for PBXNativeTarget "eWriter2" */;
			buildPhases = (
				FFF4CC4B2CAEE88B00BBC9A1 /* Sources */,
				FFF4CC4C2CAEE88B00BBC9A1 /* Frameworks */,
				FFF4CC4D2CAEE88B00BBC9A1 /* Resources */,
			);
			buildRules = (
			);
			dependencies = (
			);
			fileSystemSynchronizedGroups = (
				FFF4CC512CAEE88B00BBC9A1 /* eWriter2 */,
			);
			name = eWriter2;
			packageProductDependencies = (
				FFF4CC812CAEE9B800BBC9A1 /* NIO */,
				FFF4CC832CAEE9B800BBC9A1 /* NIOCore */,
				FFF4CC852CAEE9B800BBC9A1 /* NIOHTTP1 */,
				FFF4CC872CAEE9B800BBC9A1 /* NIOWebSocket */,
				FF313E782CAFE3B3003E7EDE /* SwiftDiff */,
			);
			productName = eWriter2;
			productReference = FFF4CC4F2CAEE88B00BBC9A1 /* eWriter2.app */;
			productType = "com.apple.product-type.application";
		};
		FFF4CC612CAEE88C00BBC9A1 /* eWriter2Tests */ = {
			isa = PBXNativeTarget;
			buildConfigurationList = FFF4CC7A2CAEE88C00BBC9A1 /* Build configuration list for PBXNativeTarget "eWriter2Tests" */;
			buildPhases = (
				FFF4CC5E2CAEE88C00BBC9A1 /* Sources */,
				FFF4CC5F2CAEE88C00BBC9A1 /* Frameworks */,
				FFF4CC602CAEE88C00BBC9A1 /* Resources */,
			);
			buildRules = (
			);
			dependencies = (
				FFF4CC642CAEE88C00BBC9A1 /* PBXTargetDependency */,
			);
			fileSystemSynchronizedGroups = (
				FFF4CC652CAEE88C00BBC9A1 /* eWriter2Tests */,
			);
			name = eWriter2Tests;
			packageProductDependencies = (
			);
			productName = eWriter2Tests;
			productReference = FFF4CC622CAEE88C00BBC9A1 /* eWriter2Tests.xctest */;
			productType = "com.apple.product-type.bundle.unit-test";
		};
		FFF4CC6B2CAEE88C00BBC9A1 /* eWriter2UITests */ = {
			isa = PBXNativeTarget;
			buildConfigurationList = FFF4CC7D2CAEE88C00BBC9A1 /* Build configuration list for PBXNativeTarget "eWriter2UITests" */;
			buildPhases = (
				FFF4CC682CAEE88C00BBC9A1 /* Sources */,
				FFF4CC692CAEE88C00BBC9A1 /* Frameworks */,
				FFF4CC6A2CAEE88C00BBC9A1 /* Resources */,
			);
			buildRules = (
			);
			dependencies = (
				FFF4CC6E2CAEE88C00BBC9A1 /* PBXTargetDependency */,
			);
			fileSystemSynchronizedGroups = (
				FFF4CC6F2CAEE88C00BBC9A1 /* eWriter2UITests */,
			);
			name = eWriter2UITests;
			packageProductDependencies = (
			);
			productName = eWriter2UITests;
			productReference = FFF4CC6C2CAEE88C00BBC9A1 /* eWriter2UITests.xctest */;
			productType = "com.apple.product-type.bundle.ui-testing";
		};
/* End PBXNativeTarget section */

/* Begin PBXProject section */
		FFF4CC472CAEE88B00BBC9A1 /* Project object */ = {
			isa = PBXProject;
			attributes = {
				BuildIndependentTargetsInParallel = 1;
				LastSwiftUpdateCheck = 1600;
				LastUpgradeCheck = 1600;
				TargetAttributes = {
					FFF4CC4E2CAEE88B00BBC9A1 = {
						CreatedOnToolsVersion = 16.0;
					};
					FFF4CC612CAEE88C00BBC9A1 = {
						CreatedOnToolsVersion = 16.0;
						TestTargetID = FFF4CC4E2CAEE88B00BBC9A1;
					};
					FFF4CC6B2CAEE88C00BBC9A1 = {
						CreatedOnToolsVersion = 16.0;
						TestTargetID = FFF4CC4E2CAEE88B00BBC9A1;
					};
				};
			};
			buildConfigurationList = FFF4CC4A2CAEE88B00BBC9A1 /* Build configuration list for PBXProject "eWriter2" */;
			developmentRegion = en;
			hasScannedForEncodings = 0;
			knownRegions = (
				en,
				Base,
			);
			mainGroup = FFF4CC462CAEE88B00BBC9A1;
			minimizedProjectReferenceProxies = 1;
			packageReferences = (
				FFF4CC802CAEE9B800BBC9A1 /* XCRemoteSwiftPackageReference "swift-nio" */,
				FF313E772CAFE3B3003E7EDE /* XCRemoteSwiftPackageReference "SwiftDiff" */,
			);
			preferredProjectObjectVersion = 77;
			productRefGroup = FFF4CC502CAEE88B00BBC9A1 /* Products */;
			projectDirPath = "";
			projectRoot = "";
			targets = (
				FFF4CC4E2CAEE88B00BBC9A1 /* eWriter2 */,
				FFF4CC612CAEE88C00BBC9A1 /* eWriter2Tests */,
				FFF4CC6B2CAEE88C00BBC9A1 /* eWriter2UITests */,
			);
		};
/* End PBXProject section */

/* Begin PBXResourcesBuildPhase section */
		FFF4CC4D2CAEE88B00BBC9A1 /* Resources */ = {
			isa = PBXResourcesBuildPhase;
			buildActionMask = 2147483647;
			files = (
			);
			runOnlyForDeploymentPostprocessing = 0;
		};
		FFF4CC602CAEE88C00BBC9A1 /* Resources */ = {
			isa = PBXResourcesBuildPhase;
			buildActionMask = 2147483647;
			files = (
			);
			runOnlyForDeploymentPostprocessing = 0;
		};
		FFF4CC6A2CAEE88C00BBC9A1 /* Resources */ = {
			isa = PBXResourcesBuildPhase;
			buildActionMask = 2147483647;
			files = (
			);
			runOnlyForDeploymentPostprocessing = 0;
		};
/* End PBXResourcesBuildPhase section */

/* Begin PBXSourcesBuildPhase section */
		FFF4CC4B2CAEE88B00BBC9A1 /* Sources */ = {
			isa = PBXSourcesBuildPhase;
			buildActionMask = 2147483647;
			files = (
			);
			runOnlyForDeploymentPostprocessing = 0;
		};
		FFF4CC5E2CAEE88C00BBC9A1 /* Sources */ = {
			isa = PBXSourcesBuildPhase;
			buildActionMask = 2147483647;
			files = (
			);
			runOnlyForDeploymentPostprocessing = 0;
		};
		FFF4CC682CAEE88C00BBC9A1 /* Sources */ = {
			isa = PBXSourcesBuildPhase;
			buildActionMask = 2147483647;
			files = (
			);
			runOnlyForDeploymentPostprocessing = 0;
		};
/* End PBXSourcesBuildPhase section */

/* Begin PBXTargetDependency section */
		FFF4CC642CAEE88C00BBC9A1 /* PBXTargetDependency */ = {
			isa = PBXTargetDependency;
			target = FFF4CC4E2CAEE88B00BBC9A1 /* eWriter2 */;
			targetProxy = FFF4CC632CAEE88C00BBC9A1 /* PBXContainerItemProxy */;
		};
		FFF4CC6E2CAEE88C00BBC9A1 /* PBXTargetDependency */ = {
			isa = PBXTargetDependency;
			target = FFF4CC4E2CAEE88B00BBC9A1 /* eWriter2 */;
			targetProxy = FFF4CC6D2CAEE88C00BBC9A1 /* PBXContainerItemProxy */;
		};
/* End PBXTargetDependency section */

/* Begin XCBuildConfiguration section */
		FFF4CC762CAEE88C00BBC9A1 /* Debug */ = {
			isa = XCBuildConfiguration;
			buildSettings = {
				ASSETCATALOG_COMPILER_APPICON_NAME = AppIcon;
				ASSETCATALOG_COMPILER_GLOBAL_ACCENT_COLOR_NAME = AccentColor;
				ASSETCATALOG_COMPILER_INCLUDE_ALL_APPICON_ASSETS = YES;
				CODE_SIGN_ENTITLEMENTS = eWriter2/eWriter2.entitlements;
				CODE_SIGN_IDENTITY = "Apple Development";
				CODE_SIGN_STYLE = Automatic;
				CURRENT_PROJECT_VERSION = 1;
				DEVELOPMENT_ASSET_PATHS = "\"eWriter2/Preview Content\"";
				DEVELOPMENT_TEAM = RC2G248RB7;
				ENABLE_PREVIEWS = YES;
				GENERATE_INFOPLIST_FILE = YES;
				INFOPLIST_FILE = eWriter2/Info.plist;
				INFOPLIST_KEY_LSApplicationCategoryType = "public.app-category.utilities";
				INFOPLIST_KEY_UIApplicationSceneManifest_Generation = YES;
				INFOPLIST_KEY_UIApplicationSupportsIndirectInputEvents = YES;
				INFOPLIST_KEY_UILaunchScreen_Generation = YES;
				INFOPLIST_KEY_UISupportedInterfaceOrientations_iPad = "UIInterfaceOrientationPortrait UIInterfaceOrientationPortraitUpsideDown UIInterfaceOrientationLandscapeLeft UIInterfaceOrientationLandscapeRight";
				INFOPLIST_KEY_UISupportedInterfaceOrientations_iPhone = "UIInterfaceOrientationPortrait UIInterfaceOrientationLandscapeLeft UIInterfaceOrientationLandscapeRight";
				INFOPLIST_KEY_UISupportsDocumentBrowser = YES;
				LD_RUNPATH_SEARCH_PATHS = (
					"$(inherited)",
					"@executable_path/Frameworks",
				);
				MARKETING_VERSION = 1.2;
				PRODUCT_BUNDLE_IDENTIFIER = com.nnikif.eWriter2;
				PRODUCT_NAME = "$(TARGET_NAME)";
				PROVISIONING_PROFILE_SPECIFIER = "";
				SWIFT_EMIT_LOC_STRINGS = YES;
				SWIFT_VERSION = 5.0;
				TARGETED_DEVICE_FAMILY = "1,2";
			};
			name = Debug;
		};
		FFF4CC772CAEE88C00BBC9A1 /* Release */ = {
			isa = XCBuildConfiguration;
			buildSettings = {
				ASSETCATALOG_COMPILER_APPICON_NAME = AppIcon;
				ASSETCATALOG_COMPILER_GLOBAL_ACCENT_COLOR_NAME = AccentColor;
				ASSETCATALOG_COMPILER_INCLUDE_ALL_APPICON_ASSETS = YES;
				CODE_SIGN_ENTITLEMENTS = eWriter2/eWriter2.entitlements;
				CODE_SIGN_IDENTITY = "Apple Development";
				CODE_SIGN_STYLE = Automatic;
				CURRENT_PROJECT_VERSION = 1;
				DEVELOPMENT_ASSET_PATHS = "\"eWriter2/Preview Content\"";
				DEVELOPMENT_TEAM = RC2G248RB7;
				ENABLE_PREVIEWS = YES;
				GENERATE_INFOPLIST_FILE = YES;
				INFOPLIST_FILE = eWriter2/Info.plist;
				INFOPLIST_KEY_LSApplicationCategoryType = "public.app-category.utilities";
				INFOPLIST_KEY_UIApplicationSceneManifest_Generation = YES;
				INFOPLIST_KEY_UIApplicationSupportsIndirectInputEvents = YES;
				INFOPLIST_KEY_UILaunchScreen_Generation = YES;
				INFOPLIST_KEY_UISupportedInterfaceOrientations_iPad = "UIInterfaceOrientationPortrait UIInterfaceOrientationPortraitUpsideDown UIInterfaceOrientationLandscapeLeft UIInterfaceOrientationLandscapeRight";
				INFOPLIST_KEY_UISupportedInterfaceOrientations_iPhone = "UIInterfaceOrientationPortrait UIInterfaceOrientationLandscapeLeft UIInterfaceOrientationLandscapeRight";
				INFOPLIST_KEY_UISupportsDocumentBrowser = YES;
				LD_RUNPATH_SEARCH_PATHS = (
					"$(inherited)",
					"@executable_path/Frameworks",
				);
				MARKETING_VERSION = 1.2;
				PRODUCT_BUNDLE_IDENTIFIER = com.nnikif.eWriter2;
				PRODUCT_NAME = "$(TARGET_NAME)";
				PROVISIONING_PROFILE_SPECIFIER = "";
				SWIFT_EMIT_LOC_STRINGS = YES;
				SWIFT_VERSION = 5.0;
				TARGETED_DEVICE_FAMILY = "1,2";
			};
			name = Release;
		};
		FFF4CC782CAEE88C00BBC9A1 /* Debug */ = {
			isa = XCBuildConfiguration;
			buildSettings = {
				ALWAYS_SEARCH_USER_PATHS = NO;
				ASSETCATALOG_COMPILER_GENERATE_SWIFT_ASSET_SYMBOL_EXTENSIONS = YES;
				CLANG_ANALYZER_NONNULL = YES;
				CLANG_ANALYZER_NUMBER_OBJECT_CONVERSION = YES_AGGRESSIVE;
				CLANG_CXX_LANGUAGE_STANDARD = "gnu++20";
				CLANG_ENABLE_MODULES = YES;
				CLANG_ENABLE_OBJC_ARC = YES;
				CLANG_ENABLE_OBJC_WEAK = YES;
				CLANG_WARN_BLOCK_CAPTURE_AUTORELEASING = YES;
				CLANG_WARN_BOOL_CONVERSION = YES;
				CLANG_WARN_COMMA = YES;
				CLANG_WARN_CONSTANT_CONVERSION = YES;
				CLANG_WARN_DEPRECATED_OBJC_IMPLEMENTATIONS = YES;
				CLANG_WARN_DIRECT_OBJC_ISA_USAGE = YES_ERROR;
				CLANG_WARN_DOCUMENTATION_COMMENTS = YES;
				CLANG_WARN_EMPTY_BODY = YES;
				CLANG_WARN_ENUM_CONVERSION = YES;
				CLANG_WARN_INFINITE_RECURSION = YES;
				CLANG_WARN_INT_CONVERSION = YES;
				CLANG_WARN_NON_LITERAL_NULL_CONVERSION = YES;
				CLANG_WARN_OBJC_IMPLICIT_RETAIN_SELF = YES;
				CLANG_WARN_OBJC_LITERAL_CONVERSION = YES;
				CLANG_WARN_OBJC_ROOT_CLASS = YES_ERROR;
				CLANG_WARN_QUOTED_INCLUDE_IN_FRAMEWORK_HEADER = YES;
				CLANG_WARN_RANGE_LOOP_ANALYSIS = YES;
				CLANG_WARN_STRICT_PROTOTYPES = YES;
				CLANG_WARN_SUSPICIOUS_MOVE = YES;
				CLANG_WARN_UNGUARDED_AVAILABILITY = YES_AGGRESSIVE;
				CLANG_WARN_UNREACHABLE_CODE = YES;
				CLANG_WARN__DUPLICATE_METHOD_MATCH = YES;
				COPY_PHASE_STRIP = NO;
				DEBUG_INFORMATION_FORMAT = dwarf;
				ENABLE_STRICT_OBJC_MSGSEND = YES;
				ENABLE_TESTABILITY = YES;
				ENABLE_USER_SCRIPT_SANDBOXING = YES;
				GCC_C_LANGUAGE_STANDARD = gnu17;
				GCC_DYNAMIC_NO_PIC = NO;
				GCC_NO_COMMON_BLOCKS = YES;
				GCC_OPTIMIZATION_LEVEL = 0;
				GCC_PREPROCESSOR_DEFINITIONS = (
					"DEBUG=1",
					"$(inherited)",
				);
				GCC_WARN_64_TO_32_BIT_CONVERSION = YES;
				GCC_WARN_ABOUT_RETURN_TYPE = YES_ERROR;
				GCC_WARN_UNDECLARED_SELECTOR = YES;
				GCC_WARN_UNINITIALIZED_AUTOS = YES_AGGRESSIVE;
				GCC_WARN_UNUSED_FUNCTION = YES;
				GCC_WARN_UNUSED_VARIABLE = YES;
				IPHONEOS_DEPLOYMENT_TARGET = 18.0;
				LOCALIZATION_PREFERS_STRING_CATALOGS = YES;
				MTL_ENABLE_DEBUG_INFO = INCLUDE_SOURCE;
				MTL_FAST_MATH = YES;
				ONLY_ACTIVE_ARCH = YES;
				SDKROOT = iphoneos;
				SWIFT_ACTIVE_COMPILATION_CONDITIONS = "DEBUG $(inherited)";
				SWIFT_OPTIMIZATION_LEVEL = "-Onone";
			};
			name = Debug;
		};
		FFF4CC792CAEE88C00BBC9A1 /* Release */ = {
			isa = XCBuildConfiguration;
			buildSettings = {
				ALWAYS_SEARCH_USER_PATHS = NO;
				ASSETCATALOG_COMPILER_GENERATE_SWIFT_ASSET_SYMBOL_EXTENSIONS = YES;
				CLANG_ANALYZER_NONNULL = YES;
				CLANG_ANALYZER_NUMBER_OBJECT_CONVERSION = YES_AGGRESSIVE;
				CLANG_CXX_LANGUAGE_STANDARD = "gnu++20";
				CLANG_ENABLE_MODULES = YES;
				CLANG_ENABLE_OBJC_ARC = YES;
				CLANG_ENABLE_OBJC_WEAK = YES;
				CLANG_WARN_BLOCK_CAPTURE_AUTORELEASING = YES;
				CLANG_WARN_BOOL_CONVERSION = YES;
				CLANG_WARN_COMMA = YES;
				CLANG_WARN_CONSTANT_CONVERSION = YES;
				CLANG_WARN_DEPRECATED_OBJC_IMPLEMENTATIONS = YES;
				CLANG_WARN_DIRECT_OBJC_ISA_USAGE = YES_ERROR;
				CLANG_WARN_DOCUMENTATION_COMMENTS = YES;
				CLANG_WARN_EMPTY_BODY = YES;
				CLANG_WARN_ENUM_CONVERSION = YES;
				CLANG_WARN_INFINITE_RECURSION = YES;
				CLANG_WARN_INT_CONVERSION = YES;
				CLANG_WARN_NON_LITERAL_NULL_CONVERSION = YES;
				CLANG_WARN_OBJC_IMPLICIT_RETAIN_SELF = YES;
				CLANG_WARN_OBJC_LITERAL_CONVERSION = YES;
				CLANG_WARN_OBJC_ROOT_CLASS = YES_ERROR;
				CLANG_WARN_QUOTED_INCLUDE_IN_FRAMEWORK_HEADER = YES;
				CLANG_WARN_RANGE_LOOP_ANALYSIS = YES;
				CLANG_WARN_STRICT_PROTOTYPES = YES;
				CLANG_WARN_SUSPICIOUS_MOVE = YES;
				CLANG_WARN_UNGUARDED_AVAILABILITY = YES_AGGRESSIVE;
				CLANG_WARN_UNREACHABLE_CODE = YES;
				CLANG_WARN__DUPLICATE_METHOD_MATCH = YES;
				COPY_PHASE_STRIP = NO;
				DEBUG_INFORMATION_FORMAT = "dwarf-with-dsym";
				ENABLE_NS_ASSERTIONS = NO;
				ENABLE_STRICT_OBJC_MSGSEND = YES;
				ENABLE_USER_SCRIPT_SANDBOXING = YES;
				GCC_C_LANGUAGE_STANDARD = gnu17;
				GCC_NO_COMMON_BLOCKS = YES;
				GCC_WARN_64_TO_32_BIT_CONVERSION = YES;
				GCC_WARN_ABOUT_RETURN_TYPE = YES_ERROR;
				GCC_WARN_UNDECLARED_SELECTOR = YES;
				GCC_WARN_UNINITIALIZED_AUTOS = YES_AGGRESSIVE;
				GCC_WARN_UNUSED_FUNCTION = YES;
				GCC_WARN_UNUSED_VARIABLE = YES;
				IPHONEOS_DEPLOYMENT_TARGET = 18.0;
				LOCALIZATION_PREFERS_STRING_CATALOGS = YES;
				MTL_ENABLE_DEBUG_INFO = NO;
				MTL_FAST_MATH = YES;
				SDKROOT = iphoneos;
				SWIFT_COMPILATION_MODE = wholemodule;
				VALIDATE_PRODUCT = YES;
			};
			name = Release;
		};
		FFF4CC7B2CAEE88C00BBC9A1 /* Debug */ = {
			isa = XCBuildConfiguration;
			buildSettings = {
				BUNDLE_LOADER = "$(TEST_HOST)";
				CODE_SIGN_STYLE = Automatic;
				CURRENT_PROJECT_VERSION = 1;
				DEVELOPMENT_TEAM = RC2G248RB7;
				GENERATE_INFOPLIST_FILE = YES;
				IPHONEOS_DEPLOYMENT_TARGET = 18.0;
				MARKETING_VERSION = 1.0;
				PRODUCT_BUNDLE_IDENTIFIER = com.nnikif.eWriter2Tests;
				PRODUCT_NAME = "$(TARGET_NAME)";
				SWIFT_EMIT_LOC_STRINGS = NO;
				SWIFT_VERSION = 5.0;
				TARGETED_DEVICE_FAMILY = "1,2";
				TEST_HOST = "$(BUILT_PRODUCTS_DIR)/eWriter2.app/$(BUNDLE_EXECUTABLE_FOLDER_PATH)/eWriter2";
			};
			name = Debug;
		};
		FFF4CC7C2CAEE88C00BBC9A1 /* Release */ = {
			isa = XCBuildConfiguration;
			buildSettings = {
				BUNDLE_LOADER = "$(TEST_HOST)";
				CODE_SIGN_STYLE = Automatic;
				CURRENT_PROJECT_VERSION = 1;
				DEVELOPMENT_TEAM = RC2G248RB7;
				GENERATE_INFOPLIST_FILE = YES;
				IPHONEOS_DEPLOYMENT_TARGET = 18.0;
				MARKETING_VERSION = 1.0;
				PRODUCT_BUNDLE_IDENTIFIER = com.nnikif.eWriter2Tests;
				PRODUCT_NAME = "$(TARGET_NAME)";
				SWIFT_EMIT_LOC_STRINGS = NO;
				SWIFT_VERSION = 5.0;
				TARGETED_DEVICE_FAMILY = "1,2";
				TEST_HOST = "$(BUILT_PRODUCTS_DIR)/eWriter2.app/$(BUNDLE_EXECUTABLE_FOLDER_PATH)/eWriter2";
			};
			name = Release;
		};
		FFF4CC7E2CAEE88C00BBC9A1 /* Debug */ = {
			isa = XCBuildConfiguration;
			buildSettings = {
				CODE_SIGN_STYLE = Automatic;
				CURRENT_PROJECT_VERSION = 1;
				DEVELOPMENT_TEAM = RC2G248RB7;
				GENERATE_INFOPLIST_FILE = YES;
				MARKETING_VERSION = 1.0;
				PRODUCT_BUNDLE_IDENTIFIER = com.nnikif.eWriter2UITests;
				PRODUCT_NAME = "$(TARGET_NAME)";
				SWIFT_EMIT_LOC_STRINGS = NO;
				SWIFT_VERSION = 5.0;
				TARGETED_DEVICE_FAMILY = "1,2";
				TEST_TARGET_NAME = eWriter2;
			};
			name = Debug;
		};
		FFF4CC7F2CAEE88C00BBC9A1 /* Release */ = {
			isa = XCBuildConfiguration;
			buildSettings = {
				CODE_SIGN_STYLE = Automatic;
				CURRENT_PROJECT_VERSION = 1;
				DEVELOPMENT_TEAM = RC2G248RB7;
				GENERATE_INFOPLIST_FILE = YES;
				MARKETING_VERSION = 1.0;
				PRODUCT_BUNDLE_IDENTIFIER = com.nnikif.eWriter2UITests;
				PRODUCT_NAME = "$(TARGET_NAME)";
				SWIFT_EMIT_LOC_STRINGS = NO;
				SWIFT_VERSION = 5.0;
				TARGETED_DEVICE_FAMILY = "1,2";
				TEST_TARGET_NAME = eWriter2;
			};
			name = Release;
		};
/* End XCBuildConfiguration section */

/* Begin XCConfigurationList section */
		FFF4CC4A2CAEE88B00BBC9A1 /* Build configuration list for PBXProject "eWriter2" */ = {
			isa = XCConfigurationList;
			buildConfigurations = (
				FFF4CC782CAEE88C00BBC9A1 /* Debug */,
				FFF4CC792CAEE88C00BBC9A1 /* Release */,
			);
			defaultConfigurationIsVisible = 0;
			defaultConfigurationName = Release;
		};
		FFF4CC752CAEE88C00BBC9A1 /* Build configuration list for PBXNativeTarget "eWriter2" */ = {
			isa = XCConfigurationList;
			buildConfigurations = (
				FFF4CC762CAEE88C00BBC9A1 /* Debug */,
				FFF4CC772CAEE88C00BBC9A1 /* Release */,
			);
			defaultConfigurationIsVisible = 0;
			defaultConfigurationName = Release;
		};
		FFF4CC7A2CAEE88C00BBC9A1 /* Build configuration list for PBXNativeTarget "eWriter2Tests" */ = {
			isa = XCConfigurationList;
			buildConfigurations = (
				FFF4CC7B2CAEE88C00BBC9A1 /* Debug */,
				FFF4CC7C2CAEE88C00BBC9A1 /* Release */,
			);
			defaultConfigurationIsVisible = 0;
			defaultConfigurationName = Release;
		};
		FFF4CC7D2CAEE88C00BBC9A1 /* Build configuration list for PBXNativeTarget "eWriter2UITests" */ = {
			isa = XCConfigurationList;
			buildConfigurations = (
				FFF4CC7E2CAEE88C00BBC9A1 /* Debug */,
				FFF4CC7F2CAEE88C00BBC9A1 /* Release */,
			);
			defaultConfigurationIsVisible = 0;
			defaultConfigurationName = Release;
		};
/* End XCConfigurationList section */

/* Begin XCRemoteSwiftPackageReference section */
		FF313E772CAFE3B3003E7EDE /* XCRemoteSwiftPackageReference "SwiftDiff" */ = {
			isa = XCRemoteSwiftPackageReference;
			repositoryURL = "https://github.com/niklhut/SwiftDiff.git";
			requirement = {
				kind = upToNextMajorVersion;
				minimumVersion = 1.1.1;
			};
		};
		FFF4CC802CAEE9B800BBC9A1 /* XCRemoteSwiftPackageReference "swift-nio" */ = {
			isa = XCRemoteSwiftPackageReference;
			repositoryURL = "https://github.com/apple/swift-nio.git";
			requirement = {
				kind = upToNextMajorVersion;
				minimumVersion = 2.74.0;
			};
		};
/* End XCRemoteSwiftPackageReference section */

/* Begin XCSwiftPackageProductDependency section */
		FF313E782CAFE3B3003E7EDE /* SwiftDiff */ = {
			isa = XCSwiftPackageProductDependency;
			package = FF313E772CAFE3B3003E7EDE /* XCRemoteSwiftPackageReference "SwiftDiff" */;
			productName = SwiftDiff;
		};
		FFF4CC812CAEE9B800BBC9A1 /* NIO */ = {
			isa = XCSwiftPackageProductDependency;
			package = FFF4CC802CAEE9B800BBC9A1 /* XCRemoteSwiftPackageReference "swift-nio" */;
			productName = NIO;
		};
		FFF4CC832CAEE9B800BBC9A1 /* NIOCore */ = {
			isa = XCSwiftPackageProductDependency;
			package = FFF4CC802CAEE9B800BBC9A1 /* XCRemoteSwiftPackageReference "swift-nio" */;
			productName = NIOCore;
		};
		FFF4CC852CAEE9B800BBC9A1 /* NIOHTTP1 */ = {
			isa = XCSwiftPackageProductDependency;
			package = FFF4CC802CAEE9B800BBC9A1 /* XCRemoteSwiftPackageReference "swift-nio" */;
			productName = NIOHTTP1;
		};
		FFF4CC872CAEE9B800BBC9A1 /* NIOWebSocket */ = {
			isa = XCSwiftPackageProductDependency;
			package = FFF4CC802CAEE9B800BBC9A1 /* XCRemoteSwiftPackageReference "swift-nio" */;
			productName = NIOWebSocket;
		};
/* End XCSwiftPackageProductDependency section */
	};
	rootObject = FFF4CC472CAEE88B00BBC9A1 /* Project object */;
}
